{
  "requires": true,
  "lockfileVersion": 1,
  "dependencies": {
    "index": {
      "version": "0.4.0",
      "resolved": "https://registry.npmjs.org/index/-/index-0.4.0.tgz",
      "integrity": "sha1-6aaxyEBPKqi0T1LG7dSAXHDBz3U=",
      "requires": {
        "step": "1.0.0"
      }
    },
    "step": {
      "version": "1.0.0",
      "resolved": "https://registry.npmjs.org/step/-/step-1.0.0.tgz",
      "integrity": "sha1-swDp0q6QV9TXhjOq4jA4E6lL3/I="
    },
    "text-censor": {
      "version": "1.0.2",
      "resolved": "https://registry.npmjs.org/text-censor/-/text-censor-1.0.2.tgz",
      "integrity": "sha1-Z6ftmukXSVlhOqHyufabZrkIokk="
    }
  }
}
